
Microsoft Visual Studio Solution File, Format Version 12.00
# Visual Studio Version 17
VisualStudioVersion = 17.11.35327.3
MinimumVisualStudioVersion = 10.0.40219.1
Project("{FAE04EC0-301F-11D3-BF4B-00C04F79EFBC}") = "CreationalPatterns", "CreationalPatterns\CreationalPatterns.csproj", "{B42FD43F-7304-4AEC-B36D-009CF96730A8}"
EndProject
Global
	GlobalSection(SolutionConfigurationPlatforms) = preSolution
		Debug|Any CPU = Debug|Any CPU
		Release|Any CPU = Release|Any CPU
	EndGlobalSection
	GlobalSection(ProjectConfigurationPlatforms) = postSolution
		{B42FD43F-7304-4AEC-B36D-009CF96730A8}.Debug|Any CPU.ActiveCfg = Debug|Any CPU
		{B42FD43F-7304-4AEC-B36D-009CF96730A8}.Debug|Any CPU.Build.0 = Debug|Any CPU
		{B42FD43F-7304-4AEC-B36D-009CF96730A8}.Release|Any CPU.ActiveCfg = Release|Any CPU
		{B42FD43F-7304-4AEC-B36D-009CF96730A8}.Release|Any CPU.Build.0 = Release|Any CPU
	EndGlobalSection
	GlobalSection(SolutionProperties) = preSolution
		HideSolutionNode = FALSE
	EndGlobalSection
	GlobalSection(ExtensibilityGlobals) = postSolution
		SolutionGuid = {1A5FBB8A-5B2A-4A92-8AE0-D35E8DC6E2F2}
	EndGlobalSection
EndGlobal
